// !$*UTF8*$!
{
	archiveVersion = 1;
	classes = {
	};
	objectVersion = 46;
	objects = {

/* Begin PBXBuildFile section */
		0177131314C10E570050C6BC /* SoundManager.m in Sources */ = {isa = PBXBuildFile; fileRef = 0177131214C10E570050C6BC /* SoundManager.m */; };
		B2147EF81344827400C8FB9B /* Cocoa.framework in Frameworks */ = {isa = PBXBuildFile; fileRef = B2147EF71344827400C8FB9B /* Cocoa.framework */; };
		B2147F021344827400C8FB9B /* InfoPlist.strings in Resources */ = {isa = PBXBuildFile; fileRef = B2147F001344827400C8FB9B /* InfoPlist.strings */; };
		B2147F051344827400C8FB9B /* main.m in Sources */ = {isa = PBXBuildFile; fileRef = B2147F041344827400C8FB9B /* main.m */; };
		B2147F081344827400C8FB9B /* Credits.rtf in Resources */ = {isa = PBXBuildFile; fileRef = B2147F061344827400C8FB9B /* Credits.rtf */; };
		B2147F0B1344827400C8FB9B /* SoundManagerExampleAppDelegate.m in Sources */ = {isa = PBXBuildFile; fileRef = B2147F0A1344827400C8FB9B /* SoundManagerExampleAppDelegate.m */; };
		B2147F0E1344827400C8FB9B /* MainMenu.xib in Resources */ = {isa = PBXBuildFile; fileRef = B2147F0C1344827400C8FB9B /* MainMenu.xib */; };
		B2147F24134483F600C8FB9B /* sound1.caf in Resources */ = {isa = PBXBuildFile; fileRef = B2147F1D134483F600C8FB9B /* sound1.caf */; };
		B2147F25134483F600C8FB9B /* sound2.caf in Resources */ = {isa = PBXBuildFile; fileRef = B2147F1E134483F600C8FB9B /* sound2.caf */; };
		B2147F26134483F600C8FB9B /* track1.caf in Resources */ = {isa = PBXBuildFile; fileRef = B2147F1F134483F600C8FB9B /* track1.caf */; };
		B2147F27134483F600C8FB9B /* track2.caf in Resources */ = {isa = PBXBuildFile; fileRef = B2147F20134483F600C8FB9B /* track2.caf */; };
		B22B85171564FA540001A7C2 /* AVFoundation.framework in Frameworks */ = {isa = PBXBuildFile; fileRef = B22B85161564FA540001A7C2 /* AVFoundation.framework */; };
/* End PBXBuildFile section */

/* Begin PBXFileReference section */
		0177131114C10E570050C6BC /* SoundManager.h */ = {isa = PBXFileReference; fileEncoding = 4; lastKnownFileType = sourcecode.c.h; path = SoundManager.h; sourceTree = "<group>"; };
		0177131214C10E570050C6BC /* SoundManager.m */ = {isa = PBXFileReference; fileEncoding = 4; lastKnownFileType = sourcecode.c.objc; path = SoundManager.m; sourceTree = "<group>"; };
		B2147EF31344827400C8FB9B /* SoundManagerExample.app */ = {isa = PBXFileReference; explicitFileType = wrapper.application; includeInIndex = 0; path = SoundManagerExample.app; sourceTree = BUILT_PRODUCTS_DIR; };
		B2147EF71344827400C8FB9B /* Cocoa.framework */ = {isa = PBXFileReference; lastKnownFileType = wrapper.framework; name = Cocoa.framework; path = System/Library/Frameworks/Cocoa.framework; sourceTree = SDKROOT; };
		B2147EFA1344827400C8FB9B /* AppKit.framework */ = {isa = PBXFileReference; lastKnownFileType = wrapper.framework; name = AppKit.framework; path = System/Library/Frameworks/AppKit.framework; sourceTree = SDKROOT; };
		B2147EFB1344827400C8FB9B /* CoreData.framework */ = {isa = PBXFileReference; lastKnownFileType = wrapper.framework; name = CoreData.framework; path = System/Library/Frameworks/CoreData.framework; sourceTree = SDKROOT; };
		B2147EFC1344827400C8FB9B /* Foundation.framework */ = {isa = PBXFileReference; lastKnownFileType = wrapper.framework; name = Foundation.framework; path = System/Library/Frameworks/Foundation.framework; sourceTree = SDKROOT; };
		B2147EFF1344827400C8FB9B /* SoundManagerExample-Info.plist */ = {isa = PBXFileReference; lastKnownFileType = text.plist.xml; path = "SoundManagerExample-Info.plist"; sourceTree = "<group>"; };
		B2147F011344827400C8FB9B /* en */ = {isa = PBXFileReference; lastKnownFileType = text.plist.strings; name = en; path = en.lproj/InfoPlist.strings; sourceTree = "<group>"; };
		B2147F031344827400C8FB9B /* SoundManagerExample-Prefix.pch */ = {isa = PBXFileReference; lastKnownFileType = sourcecode.c.h; path = "SoundManagerExample-Prefix.pch"; sourceTree = "<group>"; };
		B2147F041344827400C8FB9B /* main.m */ = {isa = PBXFileReference; lastKnownFileType = sourcecode.c.objc; path = main.m; sourceTree = "<group>"; };
		B2147F071344827400C8FB9B /* en */ = {isa = PBXFileReference; lastKnownFileType = text.rtf; name = en; path = en.lproj/Credits.rtf; sourceTree = "<group>"; };
		B2147F091344827400C8FB9B /* SoundManagerExampleAppDelegate.h */ = {isa = PBXFileReference; lastKnownFileType = sourcecode.c.h; path = SoundManagerExampleAppDelegate.h; sourceTree = "<group>"; };
		B2147F0A1344827400C8FB9B /* SoundManagerExampleAppDelegate.m */ = {isa = PBXFileReference; lastKnownFileType = sourcecode.c.objc; path = SoundManagerExampleAppDelegate.m; sourceTree = "<group>"; };
		B2147F0D1344827400C8FB9B /* en */ = {isa = PBXFileReference; lastKnownFileType = file.xib; name = en; path = en.lproj/MainMenu.xib; sourceTree = "<group>"; };
		B2147F1D134483F600C8FB9B /* sound1.caf */ = {isa = PBXFileReference; lastKnownFileType = file; path = sound1.caf; sourceTree = "<group>"; };
		B2147F1E134483F600C8FB9B /* sound2.caf */ = {isa = PBXFileReference; lastKnownFileType = file; path = sound2.caf; sourceTree = "<group>"; };
		B2147F1F134483F600C8FB9B /* track1.caf */ = {isa = PBXFileReference; lastKnownFileType = file; path = track1.caf; sourceTree = "<group>"; };
		B2147F20134483F600C8FB9B /* track2.caf */ = {isa = PBXFileReference; lastKnownFileType = file; path = track2.caf; sourceTree = "<group>"; };
		B22B85161564FA540001A7C2 /* AVFoundation.framework */ = {isa = PBXFileReference; lastKnownFileType = wrapper.framework; name = AVFoundation.framework; path = System/Library/Frameworks/AVFoundation.framework; sourceTree = SDKROOT; };
/* End PBXFileReference section */

/* Begin PBXFrameworksBuildPhase section */
		B2147EF01344827400C8FB9B /* Frameworks */ = {
			isa = PBXFrameworksBuildPhase;
			buildActionMask = 2147483647;
			files = (
				B22B85171564FA540001A7C2 /* AVFoundation.framework in Frameworks */,
				B2147EF81344827400C8FB9B /* Cocoa.framework in Frameworks */,
			);
			runOnlyForDeploymentPostprocessing = 0;
		};
/* End PBXFrameworksBuildPhase section */

/* Begin PBXGroup section */
		0177131014C10E570050C6BC /* SoundManager */ = {
			isa = PBXGroup;
			children = (
				0177131114C10E570050C6BC /* SoundManager.h */,
				0177131214C10E570050C6BC /* SoundManager.m */,
			);
			name = SoundManager;
			path = ../../SoundManager;
			sourceTree = "<group>";
		};
		B2147EE81344827300C8FB9B = {
			isa = PBXGroup;
			children = (
				B2147F1C134483F600C8FB9B /* Sounds */,
				0177131014C10E570050C6BC /* SoundManager */,
				B2147EFD1344827400C8FB9B /* SoundManagerExample */,
				B2147EF61344827400C8FB9B /* Frameworks */,
				B2147EF41344827400C8FB9B /* Products */,
			);
			sourceTree = "<group>";
		};
		B2147EF41344827400C8FB9B /* Products */ = {
			isa = PBXGroup;
			children = (
				B2147EF31344827400C8FB9B /* SoundManagerExample.app */,
			);
			name = Products;
			sourceTree = "<group>";
		};
		B2147EF61344827400C8FB9B /* Frameworks */ = {
			isa = PBXGroup;
			children = (
				B22B85161564FA540001A7C2 /* AVFoundation.framework */,
				B2147EF71344827400C8FB9B /* Cocoa.framework */,
				B2147EF91344827400C8FB9B /* Other Frameworks */,
			);
			name = Frameworks;
			sourceTree = "<group>";
		};
		B2147EF91344827400C8FB9B /* Other Frameworks */ = {
			isa = PBXGroup;
			children = (
				B2147EFA1344827400C8FB9B /* AppKit.framework */,
				B2147EFB1344827400C8FB9B /* CoreData.framework */,
				B2147EFC1344827400C8FB9B /* Foundation.framework */,
			);
			name = "Other Frameworks";
			sourceTree = "<group>";
		};
		B2147EFD1344827400C8FB9B /* SoundManagerExample */ = {
			isa = PBXGroup;
			children = (
				B2147F091344827400C8FB9B /* SoundManagerExampleAppDelegate.h */,
				B2147F0A1344827400C8FB9B /* SoundManagerExampleAppDelegate.m */,
				B2147F0C1344827400C8FB9B /* MainMenu.xib */,
				B2147EFE1344827400C8FB9B /* Supporting Files */,
			);
			path = SoundManagerExample;
			sourceTree = "<group>";
		};
		B2147EFE1344827400C8FB9B /* Supporting Files */ = {
			isa = PBXGroup;
			children = (
				B2147EFF1344827400C8FB9B /* SoundManagerExample-Info.plist */,
				B2147F001344827400C8FB9B /* InfoPlist.strings */,
				B2147F031344827400C8FB9B /* SoundManagerExample-Prefix.pch */,
				B2147F041344827400C8FB9B /* main.m */,
				B2147F061344827400C8FB9B /* Credits.rtf */,
			);
			name = "Supporting Files";
			sourceTree = "<group>";
		};
		B2147F1C134483F600C8FB9B /* Sounds */ = {
			isa = PBXGroup;
			children = (
				B2147F1D134483F600C8FB9B /* sound1.caf */,
				B2147F1E134483F600C8FB9B /* sound2.caf */,
				B2147F1F134483F600C8FB9B /* track1.caf */,
				B2147F20134483F600C8FB9B /* track2.caf */,
			);
			name = Sounds;
			path = ../Sounds;
			sourceTree = "<group>";
		};
/* End PBXGroup section */

/* Begin PBXNativeTarget section */
		B2147EF21344827400C8FB9B /* SoundManagerExample */ = {
			isa = PBXNativeTarget;
			buildConfigurationList = B2147F111344827400C8FB9B /* Build configuration list for PBXNativeTarget "SoundManagerExample" */;
			buildPhases = (
				B2147EEF1344827400C8FB9B /* Sources */,
				B2147EF01344827400C8FB9B /* Frameworks */,
				B2147EF11344827400C8FB9B /* Resources */,
			);
			buildRules = (
			);
			dependencies = (
			);
			name = SoundManagerExample;
			productName = SoundManagerExample;
			productReference = B2147EF31344827400C8FB9B /* SoundManagerExample.app */;
			productType = "com.apple.product-type.application";
		};
/* End PBXNativeTarget section */

/* Begin PBXProject section */
		B2147EEA1344827300C8FB9B /* Project object */ = {
			isa = PBXProject;
			attributes = {
				LastUpgradeCheck = 0500;
			};
			buildConfigurationList = B2147EED1344827300C8FB9B /* Build configuration list for PBXProject "SoundManagerExample" */;
			compatibilityVersion = "Xcode 3.2";
			developmentRegion = English;
			hasScannedForEncodings = 0;
			knownRegions = (
				en,
			);
			mainGroup = B2147EE81344827300C8FB9B;
			productRefGroup = B2147EF41344827400C8FB9B /* Products */;
			projectDirPath = "";
			projectRoot = "";
			targets = (
				B2147EF21344827400C8FB9B /* SoundManagerExample */,
			);
		};
/* End PBXProject section */

/* Begin PBXResourcesBuildPhase section */
		B2147EF11344827400C8FB9B /* Resources */ = {
			isa = PBXResourcesBuildPhase;
			buildActionMask = 2147483647;
			files = (
				B2147F021344827400C8FB9B /* InfoPlist.strings in Resources */,
				B2147F081344827400C8FB9B /* Credits.rtf in Resources */,
				B2147F0E1344827400C8FB9B /* MainMenu.xib in Resources */,
				B2147F24134483F600C8FB9B /* sound1.caf in Resources */,
				B2147F25134483F600C8FB9B /* sound2.caf in Resources */,
				B2147F26134483F600C8FB9B /* track1.caf in Resources */,
				B2147F27134483F600C8FB9B /* track2.caf in Resources */,
			);
			runOnlyForDeploymentPostprocessing = 0;
		};
/* End PBXResourcesBuildPhase section */

/* Begin PBXSourcesBuildPhase section */
		B2147EEF1344827400C8FB9B /* Sources */ = {
			isa = PBXSourcesBuildPhase;
			buildActionMask = 2147483647;
			files = (
				B2147F051344827400C8FB9B /* main.m in Sources */,
				B2147F0B1344827400C8FB9B /* SoundManagerExampleAppDelegate.m in Sources */,
				0177131314C10E570050C6BC /* SoundManager.m in Sources */,
			);
			runOnlyForDeploymentPostprocessing = 0;
		};
/* End PBXSourcesBuildPhase section */

/* Begin PBXVariantGroup section */
		B2147F001344827400C8FB9B /* InfoPlist.strings */ = {
			isa = PBXVariantGroup;
			children = (
				B2147F011344827400C8FB9B /* en */,
			);
			name = InfoPlist.strings;
			sourceTree = "<group>";
		};
		B2147F061344827400C8FB9B /* Credits.rtf */ = {
			isa = PBXVariantGroup;
			children = (
				B2147F071344827400C8FB9B /* en */,
			);
			name = Credits.rtf;
			sourceTree = "<group>";
		};
		B2147F0C1344827400C8FB9B /* MainMenu.xib */ = {
			isa = PBXVariantGroup;
			children = (
				B2147F0D1344827400C8FB9B /* en */,
			);
			name = MainMenu.xib;
			sourceTree = "<group>";
		};
/* End PBXVariantGroup section */

/* Begin XCBuildConfiguration section */
		B2147F0F1344827400C8FB9B /* Debug */ = {
			isa = XCBuildConfiguration;
			buildSettings = {
				CLANG_ANALYZER_SECURITY_FLOATLOOPCOUNTER = YES;
				CLANG_ANALYZER_SECURITY_INSECUREAPI_RAND = YES;
				CLANG_ANALYZER_SECURITY_INSECUREAPI_STRCPY = YES;
				CLANG_WARN_BOOL_CONVERSION = YES;
				CLANG_WARN_CONSTANT_CONVERSION = YES;
				CLANG_WARN_CXX0X_EXTENSIONS = YES;
				CLANG_WARN_DEPRECATED_OBJC_IMPLEMENTATIONS = YES;
				CLANG_WARN_DOCUMENTATION_COMMENTS = YES;
				CLANG_WARN_EMPTY_BODY = YES;
				CLANG_WARN_ENUM_CONVERSION = YES;
				CLANG_WARN_IMPLICIT_SIGN_CONVERSION = YES;
				CLANG_WARN_INT_CONVERSION = YES;
				CLANG_WARN_OBJC_EXPLICIT_OWNERSHIP_TYPE = YES;
				CLANG_WARN_OBJC_IMPLICIT_ATOMIC_PROPERTIES = YES;
				CLANG_WARN_OBJC_IMPLICIT_RETAIN_SELF = YES;
				CLANG_WARN_OBJC_MISSING_PROPERTY_SYNTHESIS = YES;
				CLANG_WARN_OBJC_RECEIVER_WEAK = YES;
				CLANG_WARN_OBJC_REPEATED_USE_OF_WEAK = YES;
				CLANG_WARN_SUSPICIOUS_IMPLICIT_CONVERSION = YES;
				CLANG_WARN__DUPLICATE_METHOD_MATCH = YES;
				CLANG_WARN__EXIT_TIME_DESTRUCTORS = YES;
				GCC_C_LANGUAGE_STANDARD = gnu99;
				GCC_OPTIMIZATION_LEVEL = 0;
				GCC_PREPROCESSOR_DEFINITIONS = DEBUG;
				GCC_SYMBOLS_PRIVATE_EXTERN = NO;
				GCC_TREAT_IMPLICIT_FUNCTION_DECLARATIONS_AS_ERRORS = YES;
				GCC_TREAT_INCOMPATIBLE_POINTER_TYPE_WARNINGS_AS_ERRORS = YES;
				GCC_VERSION = com.apple.compilers.llvm.clang.1_0;
				GCC_WARN_64_TO_32_BIT_CONVERSION = YES;
				GCC_WARN_ABOUT_MISSING_FIELD_INITIALIZERS = YES;
				GCC_WARN_ABOUT_MISSING_NEWLINE = YES;
				GCC_WARN_ABOUT_MISSING_PROTOTYPES = YES;
				GCC_WARN_ABOUT_RETURN_TYPE = YES;
				GCC_WARN_FOUR_CHARACTER_CONSTANTS = YES;
				GCC_WARN_HIDDEN_VIRTUAL_FUNCTIONS = YES;
				GCC_WARN_INITIALIZER_NOT_FULLY_BRACKETED = YES;
				GCC_WARN_MULTIPLE_DEFINITION_TYPES_FOR_SELECTOR = YES;
				GCC_WARN_NON_VIRTUAL_DESTRUCTOR = YES;
				GCC_WARN_PEDANTIC = YES;
				GCC_WARN_SHADOW = YES;
				GCC_WARN_SIGN_COMPARE = YES;
				GCC_WARN_STRICT_SELECTOR_MATCH = YES;
				GCC_WARN_UNDECLARED_SELECTOR = YES;
				GCC_WARN_UNINITIALIZED_AUTOS = YES;
				GCC_WARN_UNKNOWN_PRAGMAS = YES;
				GCC_WARN_UNUSED_FUNCTION = YES;
				GCC_WARN_UNUSED_LABEL = YES;
				GCC_WARN_UNUSED_PARAMETER = YES;
				GCC_WARN_UNUSED_VARIABLE = YES;
				MACOSX_DEPLOYMENT_TARGET = 10.6;
				ONLY_ACTIVE_ARCH = YES;
				SDKROOT = macosx;
				WARNING_CFLAGS = (
					"-Weverything",
					"-Wno-objc-missing-property-synthesis",
				);
			};
			name = Debug;
		};
		B2147F101344827400C8FB9B /* Release */ = {
			isa = XCBuildConfiguration;
			buildSettings = {
				CLANG_ANALYZER_SECURITY_FLOATLOOPCOUNTER = YES;
				CLANG_ANALYZER_SECURITY_INSECUREAPI_RAND = YES;
				CLANG_ANALYZER_SECURITY_INSECUREAPI_STRCPY = YES;
				CLANG_WARN_BOOL_CONVERSION = YES;
				CLANG_WARN_CONSTANT_CONVERSION = YES;
				CLANG_WARN_CXX0X_EXTENSIONS = YES;
				CLANG_WARN_DEPRECATED_OBJC_IMPLEMENTATIONS = YES;
				CLANG_WARN_DOCUMENTATION_COMMENTS = YES;
				CLANG_WARN_EMPTY_BODY = YES;
				CLANG_WARN_ENUM_CONVERSION = YES;
				CLANG_WARN_IMPLICIT_SIGN_CONVERSION = YES;
				CLANG_WARN_INT_CONVERSION = YES;
				CLANG_WARN_OBJC_EXPLICIT_OWNERSHIP_TYPE = YES;
				CLANG_WARN_OBJC_IMPLICIT_ATOMIC_PROPERTIES = YES;
				CLANG_WARN_OBJC_IMPLICIT_RETAIN_SELF = YES;
				CLANG_WARN_OBJC_MISSING_PROPERTY_SYNTHESIS = YES;
				CLANG_WARN_OBJC_RECEIVER_WEAK = YES;
				CLANG_WARN_OBJC_REPEATED_USE_OF_WEAK = YES;
				CLANG_WARN_SUSPICIOUS_IMPLICIT_CONVERSION = YES;
				CLANG_WARN__DUPLICATE_METHOD_MATCH = YES;
				CLANG_WARN__EXIT_TIME_DESTRUCTORS = YES;
				GCC_C_LANGUAGE_STANDARD = gnu99;
				GCC_TREAT_IMPLICIT_FUNCTION_DECLARATIONS_AS_ERRORS = YES;
				GCC_TREAT_INCOMPATIBLE_POINTER_TYPE_WARNINGS_AS_ERRORS = YES;
				GCC_VERSION = com.apple.compilers.llvm.clang.1_0;
				GCC_WARN_64_TO_32_BIT_CONVERSION = YES;
				GCC_WARN_ABOUT_MISSING_FIELD_INITIALIZERS = YES;
				GCC_WARN_ABOUT_MISSING_NEWLINE = YES;
				GCC_WARN_ABOUT_MISSING_PROTOTYPES = YES;
				GCC_WARN_ABOUT_RETURN_TYPE = YES;
				GCC_WARN_FOUR_CHARACTER_CONSTANTS = YES;
				GCC_WARN_HIDDEN_VIRTUAL_FUNCTIONS = YES;
				GCC_WARN_INITIALIZER_NOT_FULLY_BRACKETED = YES;
				GCC_WARN_MULTIPLE_DEFINITION_TYPES_FOR_SELECTOR = YES;
				GCC_WARN_NON_VIRTUAL_DESTRUCTOR = YES;
				GCC_WARN_PEDANTIC = YES;
				GCC_WARN_SHADOW = YES;
				GCC_WARN_SIGN_COMPARE = YES;
				GCC_WARN_STRICT_SELECTOR_MATCH = YES;
				GCC_WARN_UNDECLARED_SELECTOR = YES;
				GCC_WARN_UNINITIALIZED_AUTOS = YES;
				GCC_WARN_UNKNOWN_PRAGMAS = YES;
				GCC_WARN_UNUSED_FUNCTION = YES;
				GCC_WARN_UNUSED_LABEL = YES;
				GCC_WARN_UNUSED_PARAMETER = YES;
				GCC_WARN_UNUSED_VARIABLE = YES;
				MACOSX_DEPLOYMENT_TARGET = 10.6;
				SDKROOT = macosx;
				WARNING_CFLAGS = (
					"-Weverything",
					"-Wno-objc-missing-property-synthesis",
				);
			};
			name = Release;
		};
		B2147F121344827400C8FB9B /* Debug */ = {
			isa = XCBuildConfiguration;
			buildSettings = {
				ALWAYS_SEARCH_USER_PATHS = NO;
				CLANG_ENABLE_OBJC_ARC = YES;
				COMBINE_HIDPI_IMAGES = YES;
				COPY_PHASE_STRIP = NO;
				GCC_DYNAMIC_NO_PIC = NO;
				GCC_ENABLE_OBJC_EXCEPTIONS = YES;
				GCC_PRECOMPILE_PREFIX_HEADER = YES;
				GCC_PREFIX_HEADER = "SoundManagerExample/SoundManagerExample-Prefix.pch";
				GCC_TREAT_WARNINGS_AS_ERRORS = YES;
				INFOPLIST_FILE = "SoundManagerExample/SoundManagerExample-Info.plist";
				MACOSX_DEPLOYMENT_TARGET = 10.7;
				PRODUCT_NAME = "$(TARGET_NAME)";
				RUN_CLANG_STATIC_ANALYZER = YES;
				WRAPPER_EXTENSION = app;
			};
			name = Debug;
		};
		B2147F131344827400C8FB9B /* Release */ = {
			isa = XCBuildConfiguration;
			buildSettings = {
				ALWAYS_SEARCH_USER_PATHS = NO;
				CLANG_ENABLE_OBJC_ARC = YES;
				COMBINE_HIDPI_IMAGES = YES;
				COPY_PHASE_STRIP = YES;
				DEBUG_INFORMATION_FORMAT = "dwarf-with-dsym";
				GCC_ENABLE_OBJC_EXCEPTIONS = YES;
				GCC_PRECOMPILE_PREFIX_HEADER = YES;
				GCC_PREFIX_HEADER = "SoundManagerExample/SoundManagerExample-Prefix.pch";
				GCC_TREAT_WARNINGS_AS_ERRORS = YES;
				INFOPLIST_FILE = "SoundManagerExample/SoundManagerExample-Info.plist";
				MACOSX_DEPLOYMENT_TARGET = 10.7;
				PRODUCT_NAME = "$(TARGET_NAME)";
				RUN_CLANG_STATIC_ANALYZER = YES;
				WRAPPER_EXTENSION = app;
			};
			name = Release;
		};
/* End XCBuildConfiguration section */

/* Begin XCConfigurationList section */
		B2147EED1344827300C8FB9B /* Build configuration list for PBXProject "SoundManagerExample" */ = {
			isa = XCConfigurationList;
			buildConfigurations = (
				B2147F0F1344827400C8FB9B /* Debug */,
				B2147F101344827400C8FB9B /* Release */,
			);
			defaultConfigurationIsVisible = 0;
			defaultConfigurationName = Release;
		};
		B2147F111344827400C8FB9B /* Build configuration list for PBXNativeTarget "SoundManagerExample" */ = {
			isa = XCConfigurationList;
			buildConfigurations = (
				B2147F121344827400C8FB9B /* Debug */,
				B2147F131344827400C8FB9B /* Release */,
			);
			defaultConfigurationIsVisible = 0;
			defaultConfigurationName = Release;
		};
/* End XCConfigurationList section */
	};
	rootObject = B2147EEA1344827300C8FB9B /* Project object */;
}
