// !$*UTF8*$!
{
	archiveVersion = 1;
	classes = {
	};
	objectVersion = 46;
	objects = {

/* Begin PBXBuildFile section */
		0177130A14C10C080050C6BC /* SoundManager.m in Sources */ = {isa = PBXBuildFile; fileRef = 0177130914C10C080050C6BC /* SoundManager.m */; };
		B26A6141134478F700479C89 /* UIKit.framework in Frameworks */ = {isa = PBXBuildFile; fileRef = B26A6140134478F700479C89 /* UIKit.framework */; };
		B26A6143134478F700479C89 /* Foundation.framework in Frameworks */ = {isa = PBXBuildFile; fileRef = B26A6142134478F700479C89 /* Foundation.framework */; };
		B26A6145134478F700479C89 /* CoreGraphics.framework in Frameworks */ = {isa = PBXBuildFile; fileRef = B26A6144134478F700479C89 /* CoreGraphics.framework */; };
		B26A614B134478F700479C89 /* InfoPlist.strings in Resources */ = {isa = PBXBuildFile; fileRef = B26A6149134478F700479C89 /* InfoPlist.strings */; };
		B26A614E134478F700479C89 /* main.m in Sources */ = {isa = PBXBuildFile; fileRef = B26A614D134478F700479C89 /* main.m */; };
		B26A6151134478F700479C89 /* SoundManagerExampleAppDelegate.m in Sources */ = {isa = PBXBuildFile; fileRef = B26A6150134478F700479C89 /* SoundManagerExampleAppDelegate.m */; };
		B26A6154134478F700479C89 /* MainWindow.xib in Resources */ = {isa = PBXBuildFile; fileRef = B26A6152134478F700479C89 /* MainWindow.xib */; };
		B26A6157134478F700479C89 /* SoundManagerExampleViewController.m in Sources */ = {isa = PBXBuildFile; fileRef = B26A6156134478F700479C89 /* SoundManagerExampleViewController.m */; };
		B26A615A134478F700479C89 /* SoundManagerExampleViewController.xib in Resources */ = {isa = PBXBuildFile; fileRef = B26A6158134478F700479C89 /* SoundManagerExampleViewController.xib */; };
		B26A617013447A1700479C89 /* sound1.caf in Resources */ = {isa = PBXBuildFile; fileRef = B26A616913447A1700479C89 /* sound1.caf */; };
		B26A617113447A1700479C89 /* sound2.caf in Resources */ = {isa = PBXBuildFile; fileRef = B26A616A13447A1700479C89 /* sound2.caf */; };
		B26A617213447A1700479C89 /* track1.caf in Resources */ = {isa = PBXBuildFile; fileRef = B26A616B13447A1700479C89 /* track1.caf */; };
		B26A617313447A1700479C89 /* track2.caf in Resources */ = {isa = PBXBuildFile; fileRef = B26A616C13447A1700479C89 /* track2.caf */; };
		B26A617713447BB000479C89 /* AVFoundation.framework in Frameworks */ = {isa = PBXBuildFile; fileRef = B26A617613447BB000479C89 /* AVFoundation.framework */; };
/* End PBXBuildFile section */

/* Begin PBXFileReference section */
		0177130814C10C080050C6BC /* SoundManager.h */ = {isa = PBXFileReference; fileEncoding = 4; lastKnownFileType = sourcecode.c.h; path = SoundManager.h; sourceTree = "<group>"; };
		0177130914C10C080050C6BC /* SoundManager.m */ = {isa = PBXFileReference; fileEncoding = 4; lastKnownFileType = sourcecode.c.objc; path = SoundManager.m; sourceTree = "<group>"; };
		B26A613C134478F700479C89 /* SoundManagerExample.app */ = {isa = PBXFileReference; explicitFileType = wrapper.application; includeInIndex = 0; path = SoundManagerExample.app; sourceTree = BUILT_PRODUCTS_DIR; };
		B26A6140134478F700479C89 /* UIKit.framework */ = {isa = PBXFileReference; lastKnownFileType = wrapper.framework; name = UIKit.framework; path = System/Library/Frameworks/UIKit.framework; sourceTree = SDKROOT; };
		B26A6142134478F700479C89 /* Foundation.framework */ = {isa = PBXFileReference; lastKnownFileType = wrapper.framework; name = Foundation.framework; path = System/Library/Frameworks/Foundation.framework; sourceTree = SDKROOT; };
		B26A6144134478F700479C89 /* CoreGraphics.framework */ = {isa = PBXFileReference; lastKnownFileType = wrapper.framework; name = CoreGraphics.framework; path = System/Library/Frameworks/CoreGraphics.framework; sourceTree = SDKROOT; };
		B26A6148134478F700479C89 /* SoundManagerExample-Info.plist */ = {isa = PBXFileReference; lastKnownFileType = text.plist.xml; path = "SoundManagerExample-Info.plist"; sourceTree = "<group>"; };
		B26A614A134478F700479C89 /* en */ = {isa = PBXFileReference; lastKnownFileType = text.plist.strings; name = en; path = en.lproj/InfoPlist.strings; sourceTree = "<group>"; };
		B26A614C134478F700479C89 /* SoundManagerExample-Prefix.pch */ = {isa = PBXFileReference; lastKnownFileType = sourcecode.c.h; path = "SoundManagerExample-Prefix.pch"; sourceTree = "<group>"; };
		B26A614D134478F700479C89 /* main.m */ = {isa = PBXFileReference; lastKnownFileType = sourcecode.c.objc; path = main.m; sourceTree = "<group>"; };
		B26A614F134478F700479C89 /* SoundManagerExampleAppDelegate.h */ = {isa = PBXFileReference; lastKnownFileType = sourcecode.c.h; path = SoundManagerExampleAppDelegate.h; sourceTree = "<group>"; };
		B26A6150134478F700479C89 /* SoundManagerExampleAppDelegate.m */ = {isa = PBXFileReference; lastKnownFileType = sourcecode.c.objc; path = SoundManagerExampleAppDelegate.m; sourceTree = "<group>"; };
		B26A6153134478F700479C89 /* en */ = {isa = PBXFileReference; lastKnownFileType = file.xib; name = en; path = en.lproj/MainWindow.xib; sourceTree = "<group>"; };
		B26A6155134478F700479C89 /* SoundManagerExampleViewController.h */ = {isa = PBXFileReference; lastKnownFileType = sourcecode.c.h; path = SoundManagerExampleViewController.h; sourceTree = "<group>"; };
		B26A6156134478F700479C89 /* SoundManagerExampleViewController.m */ = {isa = PBXFileReference; lastKnownFileType = sourcecode.c.objc; path = SoundManagerExampleViewController.m; sourceTree = "<group>"; };
		B26A6159134478F700479C89 /* en */ = {isa = PBXFileReference; lastKnownFileType = file.xib; name = en; path = en.lproj/SoundManagerExampleViewController.xib; sourceTree = "<group>"; };
		B26A616913447A1700479C89 /* sound1.caf */ = {isa = PBXFileReference; lastKnownFileType = file; path = sound1.caf; sourceTree = "<group>"; };
		B26A616A13447A1700479C89 /* sound2.caf */ = {isa = PBXFileReference; lastKnownFileType = file; path = sound2.caf; sourceTree = "<group>"; };
		B26A616B13447A1700479C89 /* track1.caf */ = {isa = PBXFileReference; lastKnownFileType = file; path = track1.caf; sourceTree = "<group>"; };
		B26A616C13447A1700479C89 /* track2.caf */ = {isa = PBXFileReference; lastKnownFileType = file; path = track2.caf; sourceTree = "<group>"; };
		B26A617613447BB000479C89 /* AVFoundation.framework */ = {isa = PBXFileReference; lastKnownFileType = wrapper.framework; name = AVFoundation.framework; path = System/Library/Frameworks/AVFoundation.framework; sourceTree = SDKROOT; };
/* End PBXFileReference section */

/* Begin PBXFrameworksBuildPhase section */
		B26A6139134478F700479C89 /* Frameworks */ = {
			isa = PBXFrameworksBuildPhase;
			buildActionMask = 2147483647;
			files = (
				B26A617713447BB000479C89 /* AVFoundation.framework in Frameworks */,
				B26A6141134478F700479C89 /* UIKit.framework in Frameworks */,
				B26A6143134478F700479C89 /* Foundation.framework in Frameworks */,
				B26A6145134478F700479C89 /* CoreGraphics.framework in Frameworks */,
			);
			runOnlyForDeploymentPostprocessing = 0;
		};
/* End PBXFrameworksBuildPhase section */

/* Begin PBXGroup section */
		0177130714C10C080050C6BC /* SoundManager */ = {
			isa = PBXGroup;
			children = (
				0177130814C10C080050C6BC /* SoundManager.h */,
				0177130914C10C080050C6BC /* SoundManager.m */,
			);
			name = SoundManager;
			path = ../../SoundManager;
			sourceTree = "<group>";
		};
		B26A6131134478F700479C89 = {
			isa = PBXGroup;
			children = (
				0177130714C10C080050C6BC /* SoundManager */,
				B26A616813447A1700479C89 /* Sounds */,
				B26A6146134478F700479C89 /* SoundManagerExample */,
				B26A613F134478F700479C89 /* Frameworks */,
				B26A613D134478F700479C89 /* Products */,
			);
			sourceTree = "<group>";
		};
		B26A613D134478F700479C89 /* Products */ = {
			isa = PBXGroup;
			children = (
				B26A613C134478F700479C89 /* SoundManagerExample.app */,
			);
			name = Products;
			sourceTree = "<group>";
		};
		B26A613F134478F700479C89 /* Frameworks */ = {
			isa = PBXGroup;
			children = (
				B26A6140134478F700479C89 /* UIKit.framework */,
				B26A6142134478F700479C89 /* Foundation.framework */,
				B26A6144134478F700479C89 /* CoreGraphics.framework */,
				B26A617613447BB000479C89 /* AVFoundation.framework */,
			);
			name = Frameworks;
			sourceTree = "<group>";
		};
		B26A6146134478F700479C89 /* SoundManagerExample */ = {
			isa = PBXGroup;
			children = (
				B26A614F134478F700479C89 /* SoundManagerExampleAppDelegate.h */,
				B26A6150134478F700479C89 /* SoundManagerExampleAppDelegate.m */,
				B26A6152134478F700479C89 /* MainWindow.xib */,
				B26A6155134478F700479C89 /* SoundManagerExampleViewController.h */,
				B26A6156134478F700479C89 /* SoundManagerExampleViewController.m */,
				B26A6158134478F700479C89 /* SoundManagerExampleViewController.xib */,
				B26A6147134478F700479C89 /* Supporting Files */,
			);
			path = SoundManagerExample;
			sourceTree = "<group>";
		};
		B26A6147134478F700479C89 /* Supporting Files */ = {
			isa = PBXGroup;
			children = (
				B26A6148134478F700479C89 /* SoundManagerExample-Info.plist */,
				B26A6149134478F700479C89 /* InfoPlist.strings */,
				B26A614C134478F700479C89 /* SoundManagerExample-Prefix.pch */,
				B26A614D134478F700479C89 /* main.m */,
			);
			name = "Supporting Files";
			sourceTree = "<group>";
		};
		B26A616813447A1700479C89 /* Sounds */ = {
			isa = PBXGroup;
			children = (
				B26A616913447A1700479C89 /* sound1.caf */,
				B26A616A13447A1700479C89 /* sound2.caf */,
				B26A616B13447A1700479C89 /* track1.caf */,
				B26A616C13447A1700479C89 /* track2.caf */,
			);
			name = Sounds;
			path = ../Sounds;
			sourceTree = "<group>";
		};
/* End PBXGroup section */

/* Begin PBXNativeTarget section */
		B26A613B134478F700479C89 /* SoundManagerExample */ = {
			isa = PBXNativeTarget;
			buildConfigurationList = B26A615D134478F700479C89 /* Build configuration list for PBXNativeTarget "SoundManagerExample" */;
			buildPhases = (
				B26A6138134478F700479C89 /* Sources */,
				B26A6139134478F700479C89 /* Frameworks */,
				B26A613A134478F700479C89 /* Resources */,
			);
			buildRules = (
			);
			dependencies = (
			);
			name = SoundManagerExample;
			productName = SoundManagerExample;
			productReference = B26A613C134478F700479C89 /* SoundManagerExample.app */;
			productType = "com.apple.product-type.application";
		};
/* End PBXNativeTarget section */

/* Begin PBXProject section */
		B26A6133134478F700479C89 /* Project object */ = {
			isa = PBXProject;
			attributes = {
				LastUpgradeCheck = 0440;
			};
			buildConfigurationList = B26A6136134478F700479C89 /* Build configuration list for PBXProject "SoundManagerExample" */;
			compatibilityVersion = "Xcode 3.2";
			developmentRegion = English;
			hasScannedForEncodings = 0;
			knownRegions = (
				en,
			);
			mainGroup = B26A6131134478F700479C89;
			productRefGroup = B26A613D134478F700479C89 /* Products */;
			projectDirPath = "";
			projectRoot = "";
			targets = (
				B26A613B134478F700479C89 /* SoundManagerExample */,
			);
		};
/* End PBXProject section */

/* Begin PBXResourcesBuildPhase section */
		B26A613A134478F700479C89 /* Resources */ = {
			isa = PBXResourcesBuildPhase;
			buildActionMask = 2147483647;
			files = (
				B26A614B134478F700479C89 /* InfoPlist.strings in Resources */,
				B26A6154134478F700479C89 /* MainWindow.xib in Resources */,
				B26A615A134478F700479C89 /* SoundManagerExampleViewController.xib in Resources */,
				B26A617013447A1700479C89 /* sound1.caf in Resources */,
				B26A617113447A1700479C89 /* sound2.caf in Resources */,
				B26A617213447A1700479C89 /* track1.caf in Resources */,
				B26A617313447A1700479C89 /* track2.caf in Resources */,
			);
			runOnlyForDeploymentPostprocessing = 0;
		};
/* End PBXResourcesBuildPhase section */

/* Begin PBXSourcesBuildPhase section */
		B26A6138134478F700479C89 /* Sources */ = {
			isa = PBXSourcesBuildPhase;
			buildActionMask = 2147483647;
			files = (
				B26A614E134478F700479C89 /* main.m in Sources */,
				B26A6151134478F700479C89 /* SoundManagerExampleAppDelegate.m in Sources */,
				B26A6157134478F700479C89 /* SoundManagerExampleViewController.m in Sources */,
				0177130A14C10C080050C6BC /* SoundManager.m in Sources */,
			);
			runOnlyForDeploymentPostprocessing = 0;
		};
/* End PBXSourcesBuildPhase section */

/* Begin PBXVariantGroup section */
		B26A6149134478F700479C89 /* InfoPlist.strings */ = {
			isa = PBXVariantGroup;
			children = (
				B26A614A134478F700479C89 /* en */,
			);
			name = InfoPlist.strings;
			sourceTree = "<group>";
		};
		B26A6152134478F700479C89 /* MainWindow.xib */ = {
			isa = PBXVariantGroup;
			children = (
				B26A6153134478F700479C89 /* en */,
			);
			name = MainWindow.xib;
			sourceTree = "<group>";
		};
		B26A6158134478F700479C89 /* SoundManagerExampleViewController.xib */ = {
			isa = PBXVariantGroup;
			children = (
				B26A6159134478F700479C89 /* en */,
			);
			name = SoundManagerExampleViewController.xib;
			sourceTree = "<group>";
		};
/* End PBXVariantGroup section */

/* Begin XCBuildConfiguration section */
		B26A615B134478F700479C89 /* Debug */ = {
			isa = XCBuildConfiguration;
			buildSettings = {
				ARCHS = "$(ARCHS_STANDARD_32_BIT)";
				"CODE_SIGN_IDENTITY[sdk=iphoneos*]" = "iPhone Developer";
				GCC_C_LANGUAGE_STANDARD = gnu99;
				GCC_OPTIMIZATION_LEVEL = 0;
				GCC_PREPROCESSOR_DEFINITIONS = DEBUG;
				GCC_SYMBOLS_PRIVATE_EXTERN = NO;
				GCC_VERSION = com.apple.compilers.llvmgcc42;
				GCC_WARN_ABOUT_RETURN_TYPE = YES;
				GCC_WARN_UNUSED_VARIABLE = YES;
				IPHONEOS_DEPLOYMENT_TARGET = 4.3;
				SDKROOT = iphoneos;
			};
			name = Debug;
		};
		B26A615C134478F700479C89 /* Release */ = {
			isa = XCBuildConfiguration;
			buildSettings = {
				ARCHS = "$(ARCHS_STANDARD_32_BIT)";
				"CODE_SIGN_IDENTITY[sdk=iphoneos*]" = "iPhone Developer";
				GCC_C_LANGUAGE_STANDARD = gnu99;
				GCC_VERSION = com.apple.compilers.llvmgcc42;
				GCC_WARN_ABOUT_RETURN_TYPE = YES;
				GCC_WARN_UNUSED_VARIABLE = YES;
				IPHONEOS_DEPLOYMENT_TARGET = 4.3;
				OTHER_CFLAGS = "-DNS_BLOCK_ASSERTIONS=1";
				SDKROOT = iphoneos;
			};
			name = Release;
		};
		B26A615E134478F700479C89 /* Debug */ = {
			isa = XCBuildConfiguration;
			buildSettings = {
				ALWAYS_SEARCH_USER_PATHS = NO;
				COPY_PHASE_STRIP = NO;
				GCC_DYNAMIC_NO_PIC = NO;
				GCC_PRECOMPILE_PREFIX_HEADER = YES;
				GCC_PREFIX_HEADER = "SoundManagerExample/SoundManagerExample-Prefix.pch";
				GCC_VERSION = com.apple.compilers.llvm.clang.1_0;
				INFOPLIST_FILE = "SoundManagerExample/SoundManagerExample-Info.plist";
				PRODUCT_NAME = "$(TARGET_NAME)";
				WRAPPER_EXTENSION = app;
			};
			name = Debug;
		};
		B26A615F134478F700479C89 /* Release */ = {
			isa = XCBuildConfiguration;
			buildSettings = {
				ALWAYS_SEARCH_USER_PATHS = NO;
				COPY_PHASE_STRIP = YES;
				GCC_PRECOMPILE_PREFIX_HEADER = YES;
				GCC_PREFIX_HEADER = "SoundManagerExample/SoundManagerExample-Prefix.pch";
				GCC_VERSION = com.apple.compilers.llvm.clang.1_0;
				INFOPLIST_FILE = "SoundManagerExample/SoundManagerExample-Info.plist";
				PRODUCT_NAME = "$(TARGET_NAME)";
				VALIDATE_PRODUCT = YES;
				WRAPPER_EXTENSION = app;
			};
			name = Release;
		};
/* End XCBuildConfiguration section */

/* Begin XCConfigurationList section */
		B26A6136134478F700479C89 /* Build configuration list for PBXProject "SoundManagerExample" */ = {
			isa = XCConfigurationList;
			buildConfigurations = (
				B26A615B134478F700479C89 /* Debug */,
				B26A615C134478F700479C89 /* Release */,
			);
			defaultConfigurationIsVisible = 0;
			defaultConfigurationName = Release;
		};
		B26A615D134478F700479C89 /* Build configuration list for PBXNativeTarget "SoundManagerExample" */ = {
			isa = XCConfigurationList;
			buildConfigurations = (
				B26A615E134478F700479C89 /* Debug */,
				B26A615F134478F700479C89 /* Release */,
			);
			defaultConfigurationIsVisible = 0;
			defaultConfigurationName = Release;
		};
/* End XCConfigurationList section */
	};
	rootObject = B26A6133134478F700479C89 /* Project object */;
}
